// !$*UTF8*$!
{
	archiveVersion = 1;
	classes = {
	};
	objectVersion = 50;
	objects = {

/* Begin PBXBuildFile section */
		AF116BCB21D11B2D00D15E7E /* AppDelegate.swift in Sources */ = {isa = PBXBuildFile; fileRef = AF116BCA21D11B2D00D15E7E /* AppDelegate.swift */; };
		AF116BCD21D11B2D00D15E7E /* ViewController.swift in Sources */ = {isa = PBXBuildFile; fileRef = AF116BCC21D11B2D00D15E7E /* ViewController.swift */; };
		AF116BD021D11B2D00D15E7E /* Main.storyboard in Resources */ = {isa = PBXBuildFile; fileRef = AF116BCE21D11B2D00D15E7E /* Main.storyboard */; };
		AF116BD221D11B2E00D15E7E /* Assets.xcassets in Resources */ = {isa = PBXBuildFile; fileRef = AF116BD121D11B2E00D15E7E /* Assets.xcassets */; };
		AF116BD521D11B2E00D15E7E /* LaunchScreen.storyboard in Resources */ = {isa = PBXBuildFile; fileRef = AF116BD321D11B2E00D15E7E /* LaunchScreen.storyboard */; };
/* End PBXBuildFile section */

/* Begin PBXFileReference section */
		AF116BC721D11B2D00D15E7E /* EasyAnchors.app */ = {isa = PBXFileReference; explicitFileType = wrapper.application; includeInIndex = 0; path = EasyAnchors.app; sourceTree = BUILT_PRODUCTS_DIR; };
		AF116BCA21D11B2D00D15E7E /* AppDelegate.swift */ = {isa = PBXFileReference; lastKnownFileType = sourcecode.swift; path = AppDelegate.swift; sourceTree = "<group>"; };
		AF116BCC21D11B2D00D15E7E /* ViewController.swift */ = {isa = PBXFileReference; lastKnownFileType = sourcecode.swift; path = ViewController.swift; sourceTree = "<group>"; };
		AF116BCF21D11B2D00D15E7E /* Base */ = {isa = PBXFileReference; lastKnownFileType = file.storyboard; name = Base; path = Base.lproj/Main.storyboard; sourceTree = "<group>"; };
		AF116BD121D11B2E00D15E7E /* Assets.xcassets */ = {isa = PBXFileReference; lastKnownFileType = folder.assetcatalog; path = Assets.xcassets; sourceTree = "<group>"; };
		AF116BD421D11B2E00D15E7E /* Base */ = {isa = PBXFileReference; lastKnownFileType = file.storyboard; name = Base; path = Base.lproj/LaunchScreen.storyboard; sourceTree = "<group>"; };
		AF116BD621D11B2F00D15E7E /* Info.plist */ = {isa = PBXFileReference; lastKnownFileType = text.plist.xml; path = Info.plist; sourceTree = "<group>"; };
/* End PBXFileReference section */

/* Begin PBXFrameworksBuildPhase section */
		AF116BC421D11B2D00D15E7E /* Frameworks */ = {
			isa = PBXFrameworksBuildPhase;
			buildActionMask = 2147483647;
			files = (
			);
			runOnlyForDeploymentPostprocessing = 0;
		};
/* End PBXFrameworksBuildPhase section */

/* Begin PBXGroup section */
		AF116BBE21D11B2D00D15E7E = {
			isa = PBXGroup;
			children = (
				AF116BC921D11B2D00D15E7E /* EasyAnchors */,
				AF116BC821D11B2D00D15E7E /* Products */,
			);
			sourceTree = "<group>";
		};
		AF116BC821D11B2D00D15E7E /* Products */ = {
			isa = PBXGroup;
			children = (
				AF116BC721D11B2D00D15E7E /* EasyAnchors.app */,
			);
			name = Products;
			sourceTree = "<group>";
		};
		AF116BC921D11B2D00D15E7E /* EasyAnchors */ = {
			isa = PBXGroup;
			children = (
				AF116BCA21D11B2D00D15E7E /* AppDelegate.swift */,
				AF116BCC21D11B2D00D15E7E /* ViewController.swift */,
				AF116BCE21D11B2D00D15E7E /* Main.storyboard */,
				AF116BD121D11B2E00D15E7E /* Assets.xcassets */,
				AF116BD321D11B2E00D15E7E /* LaunchScreen.storyboard */,
				AF116BD621D11B2F00D15E7E /* Info.plist */,
			);
			path = EasyAnchors;
			sourceTree = "<group>";
		};
/* End PBXGroup section */

/* Begin PBXNativeTarget section */
		AF116BC621D11B2D00D15E7E /* EasyAnchors */ = {
			isa = PBXNativeTarget;
			buildConfigurationList = AF116BD921D11B2F00D15E7E /* Build configuration list for PBXNativeTarget "EasyAnchors" */;
			buildPhases = (
				AF116BC321D11B2D00D15E7E /* Sources */,
				AF116BC421D11B2D00D15E7E /* Frameworks */,
				AF116BC521D11B2D00D15E7E /* Resources */,
			);
			buildRules = (
			);
			dependencies = (
			);
			name = EasyAnchors;
			productName = EasyAnchors;
			productReference = AF116BC721D11B2D00D15E7E /* EasyAnchors.app */;
			productType = "com.apple.product-type.application";
		};
/* End PBXNativeTarget section */

/* Begin PBXProject section */
		AF116BBF21D11B2D00D15E7E /* Project object */ = {
			isa = PBXProject;
			attributes = {
				LastSwiftUpdateCheck = 1010;
				LastUpgradeCheck = 1010;
				ORGANIZATIONNAME = "Abdelrahman Mohamed";
				TargetAttributes = {
					AF116BC621D11B2D00D15E7E = {
						CreatedOnToolsVersion = 10.1;
					};
				};
			};
			buildConfigurationList = AF116BC221D11B2D00D15E7E /* Build configuration list for PBXProject "EasyAnchors" */;
			compatibilityVersion = "Xcode 9.3";
			developmentRegion = en;
			hasScannedForEncodings = 0;
			knownRegions = (
				en,
				Base,
			);
			mainGroup = AF116BBE21D11B2D00D15E7E;
			productRefGroup = AF116BC821D11B2D00D15E7E /* Products */;
			projectDirPath = "";
			projectRoot = "";
			targets = (
				AF116BC621D11B2D00D15E7E /* EasyAnchors */,
			);
		};
/* End PBXProject section */

/* Begin PBXResourcesBuildPhase section */
		AF116BC521D11B2D00D15E7E /* Resources */ = {
			isa = PBXResourcesBuildPhase;
			buildActionMask = 2147483647;
			files = (
				AF116BD521D11B2E00D15E7E /* LaunchScreen.storyboard in Resources */,
				AF116BD221D11B2E00D15E7E /* Assets.xcassets in Resources */,
				AF116BD021D11B2D00D15E7E /* Main.storyboard in Resources */,
			);
			runOnlyForDeploymentPostprocessing = 0;
		};
/* End PBXResourcesBuildPhase section */

/* Begin PBXSourcesBuildPhase section */
		AF116BC321D11B2D00D15E7E /* Sources */ = {
			isa = PBXSourcesBuildPhase;
			buildActionMask = 2147483647;
			files = (
				AF116BCD21D11B2D00D15E7E /* ViewController.swift in Sources */,
				AF116BCB21D11B2D00D15E7E /* AppDelegate.swift in Sources */,
			);
			runOnlyForDeploymentPostprocessing = 0;
		};
/* End PBXSourcesBuildPhase section */

/* Begin PBXVariantGroup section */
		AF116BCE21D11B2D00D15E7E /* Main.storyboard */ = {
			isa = PBXVariantGroup;
			children = (
				AF116BCF21D11B2D00D15E7E /* Base */,
			);
			name = Main.storyboard;
			sourceTree = "<group>";
		};
		AF116BD321D11B2E00D15E7E /* LaunchScreen.storyboard */ = {
			isa = PBXVariantGroup;
			children = (
				AF116BD421D11B2E00D15E7E /* Base */,
			);
			name = LaunchScreen.storyboard;
			sourceTree = "<group>";
		};
/* End PBXVariantGroup section */

/* Begin XCBuildConfiguration section */
		AF116BD721D11B2F00D15E7E /* Debug */ = {
			isa = XCBuildConfiguration;
			buildSettings = {
				ALWAYS_SEARCH_USER_PATHS = NO;
				CLANG_ANALYZER_NONNULL = YES;
				CLANG_ANALYZER_NUMBER_OBJECT_CONVERSION = YES_AGGRESSIVE;
				CLANG_CXX_LANGUAGE_STANDARD = "gnu++14";
				CLANG_CXX_LIBRARY = "libc++";
				CLANG_ENABLE_MODULES = YES;
				CLANG_ENABLE_OBJC_ARC = YES;
				CLANG_ENABLE_OBJC_WEAK = YES;
				CLANG_WARN_BLOCK_CAPTURE_AUTORELEASING = YES;
				CLANG_WARN_BOOL_CONVERSION = YES;
				CLANG_WARN_COMMA = YES;
				CLANG_WARN_CONSTANT_CONVERSION = YES;
				CLANG_WARN_DEPRECATED_OBJC_IMPLEMENTATIONS = YES;
				CLANG_WARN_DIRECT_OBJC_ISA_USAGE = YES_ERROR;
				CLANG_WARN_DOCUMENTATION_COMMENTS = YES;
				CLANG_WARN_EMPTY_BODY = YES;
				CLANG_WARN_ENUM_CONVERSION = YES;
				CLANG_WARN_INFINITE_RECURSION = YES;
				CLANG_WARN_INT_CONVERSION = YES;
				CLANG_WARN_NON_LITERAL_NULL_CONVERSION = YES;
				CLANG_WARN_OBJC_IMPLICIT_RETAIN_SELF = YES;
				CLANG_WARN_OBJC_LITERAL_CONVERSION = YES;
				CLANG_WARN_OBJC_ROOT_CLASS = YES_ERROR;
				CLANG_WARN_RANGE_LOOP_ANALYSIS = YES;
				CLANG_WARN_STRICT_PROTOTYPES = YES;
				CLANG_WARN_SUSPICIOUS_MOVE = YES;
				CLANG_WARN_UNGUARDED_AVAILABILITY = YES_AGGRESSIVE;
				CLANG_WARN_UNREACHABLE_CODE = YES;
				CLANG_WARN__DUPLICATE_METHOD_MATCH = YES;
				CODE_SIGN_IDENTITY = "iPhone Developer";
				COPY_PHASE_STRIP = NO;
				DEBUG_INFORMATION_FORMAT = dwarf;
				ENABLE_STRICT_OBJC_MSGSEND = YES;
				ENABLE_TESTABILITY = YES;
				GCC_C_LANGUAGE_STANDARD = gnu11;
				GCC_DYNAMIC_NO_PIC = NO;
				GCC_NO_COMMON_BLOCKS = YES;
				GCC_OPTIMIZATION_LEVEL = 0;
				GCC_PREPROCESSOR_DEFINITIONS = (
					"DEBUG=1",
					"$(inherited)",
				);
				GCC_WARN_64_TO_32_BIT_CONVERSION = YES;
				GCC_WARN_ABOUT_RETURN_TYPE = YES_ERROR;
				GCC_WARN_UNDECLARED_SELECTOR = YES;
				GCC_WARN_UNINITIALIZED_AUTOS = YES_AGGRESSIVE;
				GCC_WARN_UNUSED_FUNCTION = YES;
				GCC_WARN_UNUSED_VARIABLE = YES;
				IPHONEOS_DEPLOYMENT_TARGET = 12.1;
				MTL_ENABLE_DEBUG_INFO = INCLUDE_SOURCE;
				MTL_FAST_MATH = YES;
				ONLY_ACTIVE_ARCH = YES;
				SDKROOT = iphoneos;
				SWIFT_ACTIVE_COMPILATION_CONDITIONS = DEBUG;
				SWIFT_OPTIMIZATION_LEVEL = "-Onone";
			};
			name = Debug;
		};
		AF116BD821D11B2F00D15E7E /* Release */ = {
			isa = XCBuildConfiguration;
			buildSettings = {
				ALWAYS_SEARCH_USER_PATHS = NO;
				CLANG_ANALYZER_NONNULL = YES;
				CLANG_ANALYZER_NUMBER_OBJECT_CONVERSION = YES_AGGRESSIVE;
				CLANG_CXX_LANGUAGE_STANDARD = "gnu++14";
				CLANG_CXX_LIBRARY = "libc++";
				CLANG_ENABLE_MODULES = YES;
				CLANG_ENABLE_OBJC_ARC = YES;
				CLANG_ENABLE_OBJC_WEAK = YES;
				CLANG_WARN_BLOCK_CAPTURE_AUTORELEASING = YES;
				CLANG_WARN_BOOL_CONVERSION = YES;
				CLANG_WARN_COMMA = YES;
				CLANG_WARN_CONSTANT_CONVERSION = YES;
				CLANG_WARN_DEPRECATED_OBJC_IMPLEMENTATIONS = YES;
				CLANG_WARN_DIRECT_OBJC_ISA_USAGE = YES_ERROR;
				CLANG_WARN_DOCUMENTATION_COMMENTS = YES;
				CLANG_WARN_EMPTY_BODY = YES;
				CLANG_WARN_ENUM_CONVERSION = YES;
				CLANG_WARN_INFINITE_RECURSION = YES;
				CLANG_WARN_INT_CONVERSION = YES;
				CLANG_WARN_NON_LITERAL_NULL_CONVERSION = YES;
				CLANG_WARN_OBJC_IMPLICIT_RETAIN_SELF = YES;
				CLANG_WARN_OBJC_LITERAL_CONVERSION = YES;
				CLANG_WARN_OBJC_ROOT_CLASS = YES_ERROR;
				CLANG_WARN_RANGE_LOOP_ANALYSIS = YES;
				CLANG_WARN_STRICT_PROTOTYPES = YES;
				CLANG_WARN_SUSPICIOUS_MOVE = YES;
				CLANG_WARN_UNGUARDED_AVAILABILITY = YES_AGGRESSIVE;
				CLANG_WARN_UNREACHABLE_CODE = YES;
				CLANG_WARN__DUPLICATE_METHOD_MATCH = YES;
				CODE_SIGN_IDENTITY = "iPhone Developer";
				COPY_PHASE_STRIP = NO;
				DEBUG_INFORMATION_FORMAT = "dwarf-with-dsym";
				ENABLE_NS_ASSERTIONS = NO;
				ENABLE_STRICT_OBJC_MSGSEND = YES;
				GCC_C_LANGUAGE_STANDARD = gnu11;
				GCC_NO_COMMON_BLOCKS = YES;
				GCC_WARN_64_TO_32_BIT_CONVERSION = YES;
				GCC_WARN_ABOUT_RETURN_TYPE = YES_ERROR;
				GCC_WARN_UNDECLARED_SELECTOR = YES;
				GCC_WARN_UNINITIALIZED_AUTOS = YES_AGGRESSIVE;
				GCC_WARN_UNUSED_FUNCTION = YES;
				GCC_WARN_UNUSED_VARIABLE = YES;
				IPHONEOS_DEPLOYMENT_TARGET = 12.1;
				MTL_ENABLE_DEBUG_INFO = NO;
				MTL_FAST_MATH = YES;
				SDKROOT = iphoneos;
				SWIFT_COMPILATION_MODE = wholemodule;
				SWIFT_OPTIMIZATION_LEVEL = "-O";
				VALIDATE_PRODUCT = YES;
			};
			name = Release;
		};
		AF116BDA21D11B2F00D15E7E /* Debug */ = {
			isa = XCBuildConfiguration;
			buildSettings = {
				ASSETCATALOG_COMPILER_APPICON_NAME = AppIcon;
				CODE_SIGN_STYLE = Automatic;
				DEVELOPMENT_TEAM = KM569NM77P;
				INFOPLIST_FILE = EasyAnchors/Info.plist;
				LD_RUNPATH_SEARCH_PATHS = (
					"$(inherited)",
					"@executable_path/Frameworks",
				);
				PRODUCT_BUNDLE_IDENTIFIER = com.vngrs.EasyAnchors;
				PRODUCT_NAME = "$(TARGET_NAME)";
				SWIFT_VERSION = 4.2;
				TARGETED_DEVICE_FAMILY = "1,2";
			};
			name = Debug;
		};
		AF116BDB21D11B2F00D15E7E /* Release */ = {
			isa = XCBuildConfiguration;
			buildSettings = {
				ASSETCATALOG_COMPILER_APPICON_NAME = AppIcon;
				CODE_SIGN_STYLE = Automatic;
				DEVELOPMENT_TEAM = KM569NM77P;
				INFOPLIST_FILE = EasyAnchors/Info.plist;
				LD_RUNPATH_SEARCH_PATHS = (
					"$(inherited)",
					"@executable_path/Frameworks",
				);
				PRODUCT_BUNDLE_IDENTIFIER = com.vngrs.EasyAnchors;
				PRODUCT_NAME = "$(TARGET_NAME)";
				SWIFT_VERSION = 4.2;
				TARGETED_DEVICE_FAMILY = "1,2";
			};
			name = Release;
		};
/* End XCBuildConfiguration section */

/* Begin XCConfigurationList section */
		AF116BC221D11B2D00D15E7E /* Build configuration list for PBXProject "EasyAnchors" */ = {
			isa = XCConfigurationList;
			buildConfigurations = (
				AF116BD721D11B2F00D15E7E /* Debug */,
				AF116BD821D11B2F00D15E7E /* Release */,
			);
			defaultConfigurationIsVisible = 0;
			defaultConfigurationName = Release;
		};
		AF116BD921D11B2F00D15E7E /* Build configuration list for PBXNativeTarget "EasyAnchors" */ = {
			isa = XCConfigurationList;
			buildConfigurations = (
				AF116BDA21D11B2F00D15E7E /* Debug */,
				AF116BDB21D11B2F00D15E7E /* Release */,
			);
			defaultConfigurationIsVisible = 0;
			defaultConfigurationName = Release;
		};
/* End XCConfigurationList section */
	};
	rootObject = AF116BBF21D11B2D00D15E7E /* Project object */;
}
